
Microsoft Visual Studio Solution File, Format Version 12.00
# Visual Studio Version 17
VisualStudioVersion = 17.10.34928.147
MinimumVisualStudioVersion = 10.0.40219.1
Project("{9A19103F-16F7-4668-BE54-9A1E7A4F7556}") = "OOP Recap Bank System", "OOP Recap\OOP Recap Bank System.csproj", "{8F083B55-E3AF-41DE-A4CB-B31C46514486}"
EndProject
Global
	GlobalSection(SolutionConfigurationPlatforms) = preSolution
		Debug|Any CPU = Debug|Any CPU
		Release|Any CPU = Release|Any CPU
	EndGlobalSection
	GlobalSection(ProjectConfigurationPlatforms) = postSolution
		{8F083B55-E3AF-41DE-A4CB-B31C46514486}.Debug|Any CPU.ActiveCfg = Debug|Any CPU
		{8F083B55-E3AF-41DE-A4CB-B31C46514486}.Debug|Any CPU.Build.0 = Debug|Any CPU
		{8F083B55-E3AF-41DE-A4CB-B31C46514486}.Release|Any CPU.ActiveCfg = Release|Any CPU
		{8F083B55-E3AF-41DE-A4CB-B31C46514486}.Release|Any CPU.Build.0 = Release|Any CPU
	EndGlobalSection
	GlobalSection(SolutionProperties) = preSolution
		HideSolutionNode = FALSE
	EndGlobalSection
	GlobalSection(ExtensibilityGlobals) = postSolution
		SolutionGuid = {C7AF8118-7F0B-4677-996E-25B6AA4DD430}
	EndGlobalSection
EndGlobal
